
Microsoft Visual Studio Solution File, Format Version 12.00
# Visual Studio 15
VisualStudioVersion = 15.0.26730.16
MinimumVisualStudioVersion = 10.0.40219.1
Project("{2150E333-8FDC-42A3-9474-1A3956D46DE8}") = "Solution Items", "Solution Items", "{86860CAB-9249-4BB6-85BF-9CB0E28DAED1}"
	ProjectSection(SolutionItems) = preProject
		readme.md = readme.md
	EndProjectSection
EndProject
Project("{9A19103F-16F7-4668-BE54-9A1E7A4F7556}") = "Harp.Core", "Harp.Core\Harp.Core.csproj", "{23C8972F-56C4-4E90-91FB-2FA45639A358}"
EndProject
Project("{9A19103F-16F7-4668-BE54-9A1E7A4F7556}") = "Harp.Tests", "Harp.Tests\Harp.Tests.csproj", "{378DD139-5FCC-4FEF-905B-C7A503E38084}"
EndProject
Project("{FAE04EC0-301F-11D3-BF4B-00C04F79EFBC}") = "Harp.CLI", "Harp.CLI\Harp.CLI.csproj", "{A324EC6D-0187-4CB3-ADCF-CEDC6DE43497}"
EndProject
Project("{9A19103F-16F7-4668-BE54-9A1E7A4F7556}") = "Harp.Example", "Harp.Example\Harp.Example.csproj", "{F0F0B442-72FF-4603-B213-AAAB52BB31AD}"
EndProject
Global
	GlobalSection(SolutionConfigurationPlatforms) = preSolution
		Debug|Any CPU = Debug|Any CPU
		Release|Any CPU = Release|Any CPU
	EndGlobalSection
	GlobalSection(ProjectConfigurationPlatforms) = postSolution
		{23C8972F-56C4-4E90-91FB-2FA45639A358}.Debug|Any CPU.ActiveCfg = Debug|Any CPU
		{23C8972F-56C4-4E90-91FB-2FA45639A358}.Debug|Any CPU.Build.0 = Debug|Any CPU
		{23C8972F-56C4-4E90-91FB-2FA45639A358}.Release|Any CPU.ActiveCfg = Release|Any CPU
		{23C8972F-56C4-4E90-91FB-2FA45639A358}.Release|Any CPU.Build.0 = Release|Any CPU
		{378DD139-5FCC-4FEF-905B-C7A503E38084}.Debug|Any CPU.ActiveCfg = Debug|Any CPU
		{378DD139-5FCC-4FEF-905B-C7A503E38084}.Debug|Any CPU.Build.0 = Debug|Any CPU
		{378DD139-5FCC-4FEF-905B-C7A503E38084}.Release|Any CPU.ActiveCfg = Release|Any CPU
		{378DD139-5FCC-4FEF-905B-C7A503E38084}.Release|Any CPU.Build.0 = Release|Any CPU
		{A324EC6D-0187-4CB3-ADCF-CEDC6DE43497}.Debug|Any CPU.ActiveCfg = Debug|Any CPU
		{A324EC6D-0187-4CB3-ADCF-CEDC6DE43497}.Debug|Any CPU.Build.0 = Debug|Any CPU
		{A324EC6D-0187-4CB3-ADCF-CEDC6DE43497}.Release|Any CPU.ActiveCfg = Release|Any CPU
		{A324EC6D-0187-4CB3-ADCF-CEDC6DE43497}.Release|Any CPU.Build.0 = Release|Any CPU
		{F0F0B442-72FF-4603-B213-AAAB52BB31AD}.Debug|Any CPU.ActiveCfg = Debug|Any CPU
		{F0F0B442-72FF-4603-B213-AAAB52BB31AD}.Debug|Any CPU.Build.0 = Debug|Any CPU
		{F0F0B442-72FF-4603-B213-AAAB52BB31AD}.Release|Any CPU.ActiveCfg = Release|Any CPU
		{F0F0B442-72FF-4603-B213-AAAB52BB31AD}.Release|Any CPU.Build.0 = Release|Any CPU
	EndGlobalSection
	GlobalSection(SolutionProperties) = preSolution
		HideSolutionNode = FALSE
	EndGlobalSection
	GlobalSection(ExtensibilityGlobals) = postSolution
		SolutionGuid = {4F0A75B1-FEC9-4512-A94A-4DF384AED3F1}
	EndGlobalSection
EndGlobal
